
Microsoft Visual Studio Solution File, Format Version 12.00
# Visual Studio Version 17
VisualStudioVersion = 17.3.32929.385
MinimumVisualStudioVersion = 10.0.40219.1
Project("{9A19103F-16F7-4668-BE54-9A1E7A4F7556}") = "SakuraConnect.Server", "SakuraConnect\Server\SakuraConnect.Server.csproj", "{8BAC4D73-D337-407F-B026-6614DC1FFCB6}"
EndProject
Project("{9A19103F-16F7-4668-BE54-9A1E7A4F7556}") = "SakuraConnect.Client", "SakuraConnect\Client\SakuraConnect.Client.csproj", "{D36A8F17-D9B5-4F88-91D3-D1311082F3DE}"
EndProject
Project("{9A19103F-16F7-4668-BE54-9A1E7A4F7556}") = "SakuraConnect.Shared", "SakuraConnect\Shared\SakuraConnect.Shared.csproj", "{F427EFD3-152B-407B-81B8-9E389BA8C4BA}"
EndProject
Global
	GlobalSection(SolutionConfigurationPlatforms) = preSolution
		Debug|Any CPU = Debug|Any CPU
		Release|Any CPU = Release|Any CPU
	EndGlobalSection
	GlobalSection(ProjectConfigurationPlatforms) = postSolution
		{8BAC4D73-D337-407F-B026-6614DC1FFCB6}.Debug|Any CPU.ActiveCfg = Debug|Any CPU
		{8BAC4D73-D337-407F-B026-6614DC1FFCB6}.Debug|Any CPU.Build.0 = Debug|Any CPU
		{8BAC4D73-D337-407F-B026-6614DC1FFCB6}.Release|Any CPU.ActiveCfg = Release|Any CPU
		{8BAC4D73-D337-407F-B026-6614DC1FFCB6}.Release|Any CPU.Build.0 = Release|Any CPU
		{D36A8F17-D9B5-4F88-91D3-D1311082F3DE}.Debug|Any CPU.ActiveCfg = Debug|Any CPU
		{D36A8F17-D9B5-4F88-91D3-D1311082F3DE}.Debug|Any CPU.Build.0 = Debug|Any CPU
		{D36A8F17-D9B5-4F88-91D3-D1311082F3DE}.Release|Any CPU.ActiveCfg = Release|Any CPU
		{D36A8F17-D9B5-4F88-91D3-D1311082F3DE}.Release|Any CPU.Build.0 = Release|Any CPU
		{F427EFD3-152B-407B-81B8-9E389BA8C4BA}.Debug|Any CPU.ActiveCfg = Debug|Any CPU
		{F427EFD3-152B-407B-81B8-9E389BA8C4BA}.Debug|Any CPU.Build.0 = Debug|Any CPU
		{F427EFD3-152B-407B-81B8-9E389BA8C4BA}.Release|Any CPU.ActiveCfg = Release|Any CPU
		{F427EFD3-152B-407B-81B8-9E389BA8C4BA}.Release|Any CPU.Build.0 = Release|Any CPU
	EndGlobalSection
	GlobalSection(SolutionProperties) = preSolution
		HideSolutionNode = FALSE
	EndGlobalSection
	GlobalSection(ExtensibilityGlobals) = postSolution
		SolutionGuid = {00A68129-172E-4C6F-93FA-BEBB7EB24620}
	EndGlobalSection
EndGlobal
